
Microsoft Visual Studio Solution File, Format Version 12.00
# Visual Studio 15
VisualStudioVersion = 15.0.27703.2042
MinimumVisualStudioVersion = 10.0.40219.1
Project("{FAE04EC0-301F-11D3-BF4B-00C04F79EFBC}") = "Quotably.WebMVC", "Quotably.WebMVC\Quotably.WebMVC.csproj", "{6327D7AE-BCF8-4545-9A55-13E800B4813F}"
EndProject
Project("{FAE04EC0-301F-11D3-BF4B-00C04F79EFBC}") = "Quotably.Data", "Quotably.Data\Quotably.Data.csproj", "{5CE72663-2C56-4CCF-A941-6D609A81FABA}"
EndProject
Project("{FAE04EC0-301F-11D3-BF4B-00C04F79EFBC}") = "Quotably.Models", "Quotably.Models\Quotably.Models.csproj", "{334A2D58-552C-4838-8888-F52E769D74C9}"
EndProject
Project("{FAE04EC0-301F-11D3-BF4B-00C04F79EFBC}") = "Quotably.Services", "Quotably.Services\Quotably.Services.csproj", "{A9B78CA3-8C01-49EC-A0A9-67BC4A230150}"
EndProject
Global
	GlobalSection(SolutionConfigurationPlatforms) = preSolution
		Debug|Any CPU = Debug|Any CPU
		Release|Any CPU = Release|Any CPU
	EndGlobalSection
	GlobalSection(ProjectConfigurationPlatforms) = postSolution
		{6327D7AE-BCF8-4545-9A55-13E800B4813F}.Debug|Any CPU.ActiveCfg = Debug|Any CPU
		{6327D7AE-BCF8-4545-9A55-13E800B4813F}.Debug|Any CPU.Build.0 = Debug|Any CPU
		{6327D7AE-BCF8-4545-9A55-13E800B4813F}.Release|Any CPU.ActiveCfg = Release|Any CPU
		{6327D7AE-BCF8-4545-9A55-13E800B4813F}.Release|Any CPU.Build.0 = Release|Any CPU
		{5CE72663-2C56-4CCF-A941-6D609A81FABA}.Debug|Any CPU.ActiveCfg = Debug|Any CPU
		{5CE72663-2C56-4CCF-A941-6D609A81FABA}.Debug|Any CPU.Build.0 = Debug|Any CPU
		{5CE72663-2C56-4CCF-A941-6D609A81FABA}.Release|Any CPU.ActiveCfg = Release|Any CPU
		{5CE72663-2C56-4CCF-A941-6D609A81FABA}.Release|Any CPU.Build.0 = Release|Any CPU
		{334A2D58-552C-4838-8888-F52E769D74C9}.Debug|Any CPU.ActiveCfg = Debug|Any CPU
		{334A2D58-552C-4838-8888-F52E769D74C9}.Debug|Any CPU.Build.0 = Debug|Any CPU
		{334A2D58-552C-4838-8888-F52E769D74C9}.Release|Any CPU.ActiveCfg = Release|Any CPU
		{334A2D58-552C-4838-8888-F52E769D74C9}.Release|Any CPU.Build.0 = Release|Any CPU
		{A9B78CA3-8C01-49EC-A0A9-67BC4A230150}.Debug|Any CPU.ActiveCfg = Debug|Any CPU
		{A9B78CA3-8C01-49EC-A0A9-67BC4A230150}.Debug|Any CPU.Build.0 = Debug|Any CPU
		{A9B78CA3-8C01-49EC-A0A9-67BC4A230150}.Release|Any CPU.ActiveCfg = Release|Any CPU
		{A9B78CA3-8C01-49EC-A0A9-67BC4A230150}.Release|Any CPU.Build.0 = Release|Any CPU
	EndGlobalSection
	GlobalSection(SolutionProperties) = preSolution
		HideSolutionNode = FALSE
	EndGlobalSection
	GlobalSection(ExtensibilityGlobals) = postSolution
		SolutionGuid = {7FF81124-EABA-4CF2-8DA8-D51CCB1D39E4}
	EndGlobalSection
EndGlobal
